// !$*UTF8*$!
{
	archiveVersion = 1;
	classes = {
	};
	objectVersion = 46;
	objects = {

/* Begin PBXBuildFile section */
		090EA7B81A778CAD005D4454 /* main.m in Sources */ = {isa = PBXBuildFile; fileRef = 090EA7B71A778CAD005D4454 /* main.m */; };
		090EA7BB1A778CAD005D4454 /* AppDelegate.m in Sources */ = {isa = PBXBuildFile; fileRef = 090EA7BA1A778CAD005D4454 /* AppDelegate.m */; };
		090EA7BE1A778CAD005D4454 /* ViewController.m in Sources */ = {isa = PBXBuildFile; fileRef = 090EA7BD1A778CAD005D4454 /* ViewController.m */; };
		090EA7C11A778CAD005D4454 /* Main.storyboard in Resources */ = {isa = PBXBuildFile; fileRef = 090EA7BF1A778CAD005D4454 /* Main.storyboard */; };
		090EA7C31A778CAD005D4454 /* Images.xcassets in Resources */ = {isa = PBXBuildFile; fileRef = 090EA7C21A778CAD005D4454 /* Images.xcassets */; };
		090EA7C61A778CAD005D4454 /* LaunchScreen.xib in Resources */ = {isa = PBXBuildFile; fileRef = 090EA7C41A778CAD005D4454 /* LaunchScreen.xib */; };
		090EA7D21A778CAD005D4454 /* SpotzPushTestTests.m in Sources */ = {isa = PBXBuildFile; fileRef = 090EA7D11A778CAD005D4454 /* SpotzPushTestTests.m */; };
		7979BD3D3E6AF9E03A9C1E18 /* libPods.a in Frameworks */ = {isa = PBXBuildFile; fileRef = 0B42792B4379BD3E175F966A /* libPods.a */; };
/* End PBXBuildFile section */

/* Begin PBXContainerItemProxy section */
		090EA7CC1A778CAD005D4454 /* PBXContainerItemProxy */ = {
			isa = PBXContainerItemProxy;
			containerPortal = 090EA7AA1A778CAD005D4454 /* Project object */;
			proxyType = 1;
			remoteGlobalIDString = 090EA7B11A778CAD005D4454;
			remoteInfo = SpotzPushTest;
		};
/* End PBXContainerItemProxy section */

/* Begin PBXFileReference section */
		090EA7B21A778CAD005D4454 /* SpotzPushTest.app */ = {isa = PBXFileReference; explicitFileType = wrapper.application; includeInIndex = 0; path = SpotzPushTest.app; sourceTree = BUILT_PRODUCTS_DIR; };
		090EA7B61A778CAD005D4454 /* Info.plist */ = {isa = PBXFileReference; lastKnownFileType = text.plist.xml; path = Info.plist; sourceTree = "<group>"; };
		090EA7B71A778CAD005D4454 /* main.m */ = {isa = PBXFileReference; lastKnownFileType = sourcecode.c.objc; path = main.m; sourceTree = "<group>"; };
		090EA7B91A778CAD005D4454 /* AppDelegate.h */ = {isa = PBXFileReference; lastKnownFileType = sourcecode.c.h; path = AppDelegate.h; sourceTree = "<group>"; };
		090EA7BA1A778CAD005D4454 /* AppDelegate.m */ = {isa = PBXFileReference; lastKnownFileType = sourcecode.c.objc; path = AppDelegate.m; sourceTree = "<group>"; };
		090EA7BC1A778CAD005D4454 /* ViewController.h */ = {isa = PBXFileReference; lastKnownFileType = sourcecode.c.h; path = ViewController.h; sourceTree = "<group>"; };
		090EA7BD1A778CAD005D4454 /* ViewController.m */ = {isa = PBXFileReference; lastKnownFileType = sourcecode.c.objc; path = ViewController.m; sourceTree = "<group>"; };
		090EA7C01A778CAD005D4454 /* Base */ = {isa = PBXFileReference; lastKnownFileType = file.storyboard; name = Base; path = Base.lproj/Main.storyboard; sourceTree = "<group>"; };
		090EA7C21A778CAD005D4454 /* Images.xcassets */ = {isa = PBXFileReference; lastKnownFileType = folder.assetcatalog; path = Images.xcassets; sourceTree = "<group>"; };
		090EA7C51A778CAD005D4454 /* Base */ = {isa = PBXFileReference; lastKnownFileType = file.xib; name = Base; path = Base.lproj/LaunchScreen.xib; sourceTree = "<group>"; };
		090EA7CB1A778CAD005D4454 /* SpotzPushTestTests.xctest */ = {isa = PBXFileReference; explicitFileType = wrapper.cfbundle; includeInIndex = 0; path = SpotzPushTestTests.xctest; sourceTree = BUILT_PRODUCTS_DIR; };
		090EA7D01A778CAD005D4454 /* Info.plist */ = {isa = PBXFileReference; lastKnownFileType = text.plist.xml; path = Info.plist; sourceTree = "<group>"; };
		090EA7D11A778CAD005D4454 /* SpotzPushTestTests.m */ = {isa = PBXFileReference; lastKnownFileType = sourcecode.c.objc; path = SpotzPushTestTests.m; sourceTree = "<group>"; };
		0B42792B4379BD3E175F966A /* libPods.a */ = {isa = PBXFileReference; explicitFileType = archive.ar; includeInIndex = 0; path = libPods.a; sourceTree = BUILT_PRODUCTS_DIR; };
		9A107DD03E1031791EB2E6D8 /* Pods.release.xcconfig */ = {isa = PBXFileReference; includeInIndex = 1; lastKnownFileType = text.xcconfig; name = Pods.release.xcconfig; path = "Pods/Target Support Files/Pods/Pods.release.xcconfig"; sourceTree = "<group>"; };
		DABE05DA8C41DA41559515A3 /* Pods.debug.xcconfig */ = {isa = PBXFileReference; includeInIndex = 1; lastKnownFileType = text.xcconfig; name = Pods.debug.xcconfig; path = "Pods/Target Support Files/Pods/Pods.debug.xcconfig"; sourceTree = "<group>"; };
/* End PBXFileReference section */

/* Begin PBXFrameworksBuildPhase section */
		090EA7AF1A778CAD005D4454 /* Frameworks */ = {
			isa = PBXFrameworksBuildPhase;
			buildActionMask = 2147483647;
			files = (
				7979BD3D3E6AF9E03A9C1E18 /* libPods.a in Frameworks */,
			);
			runOnlyForDeploymentPostprocessing = 0;
		};
		090EA7C81A778CAD005D4454 /* Frameworks */ = {
			isa = PBXFrameworksBuildPhase;
			buildActionMask = 2147483647;
			files = (
			);
			runOnlyForDeploymentPostprocessing = 0;
		};
/* End PBXFrameworksBuildPhase section */

/* Begin PBXGroup section */
		090EA7A91A778CAD005D4454 = {
			isa = PBXGroup;
			children = (
				090EA7B41A778CAD005D4454 /* SpotzPushTest */,
				090EA7CE1A778CAD005D4454 /* SpotzPushTestTests */,
				090EA7B31A778CAD005D4454 /* Products */,
				EB4D4F2D6922418E0E9A7CEA /* Pods */,
				5174B25856B595F778FC2550 /* Frameworks */,
			);
			sourceTree = "<group>";
		};
		090EA7B31A778CAD005D4454 /* Products */ = {
			isa = PBXGroup;
			children = (
				090EA7B21A778CAD005D4454 /* SpotzPushTest.app */,
				090EA7CB1A778CAD005D4454 /* SpotzPushTestTests.xctest */,
			);
			name = Products;
			sourceTree = "<group>";
		};
		090EA7B41A778CAD005D4454 /* SpotzPushTest */ = {
			isa = PBXGroup;
			children = (
				090EA7B91A778CAD005D4454 /* AppDelegate.h */,
				090EA7BA1A778CAD005D4454 /* AppDelegate.m */,
				090EA7BC1A778CAD005D4454 /* ViewController.h */,
				090EA7BD1A778CAD005D4454 /* ViewController.m */,
				090EA7BF1A778CAD005D4454 /* Main.storyboard */,
				090EA7C21A778CAD005D4454 /* Images.xcassets */,
				090EA7C41A778CAD005D4454 /* LaunchScreen.xib */,
				090EA7B51A778CAD005D4454 /* Supporting Files */,
			);
			path = SpotzPushTest;
			sourceTree = "<group>";
		};
		090EA7B51A778CAD005D4454 /* Supporting Files */ = {
			isa = PBXGroup;
			children = (
				090EA7B61A778CAD005D4454 /* Info.plist */,
				090EA7B71A778CAD005D4454 /* main.m */,
			);
			name = "Supporting Files";
			sourceTree = "<group>";
		};
		090EA7CE1A778CAD005D4454 /* SpotzPushTestTests */ = {
			isa = PBXGroup;
			children = (
				090EA7D11A778CAD005D4454 /* SpotzPushTestTests.m */,
				090EA7CF1A778CAD005D4454 /* Supporting Files */,
			);
			path = SpotzPushTestTests;
			sourceTree = "<group>";
		};
		090EA7CF1A778CAD005D4454 /* Supporting Files */ = {
			isa = PBXGroup;
			children = (
				090EA7D01A778CAD005D4454 /* Info.plist */,
			);
			name = "Supporting Files";
			sourceTree = "<group>";
		};
		5174B25856B595F778FC2550 /* Frameworks */ = {
			isa = PBXGroup;
			children = (
				0B42792B4379BD3E175F966A /* libPods.a */,
			);
			name = Frameworks;
			sourceTree = "<group>";
		};
		EB4D4F2D6922418E0E9A7CEA /* Pods */ = {
			isa = PBXGroup;
			children = (
				DABE05DA8C41DA41559515A3 /* Pods.debug.xcconfig */,
				9A107DD03E1031791EB2E6D8 /* Pods.release.xcconfig */,
			);
			name = Pods;
			sourceTree = "<group>";
		};
/* End PBXGroup section */

/* Begin PBXNativeTarget section */
		090EA7B11A778CAD005D4454 /* SpotzPushTest */ = {
			isa = PBXNativeTarget;
			buildConfigurationList = 090EA7D51A778CAD005D4454 /* Build configuration list for PBXNativeTarget "SpotzPushTest" */;
			buildPhases = (
				E5D6C6BD758F7B82426DAB37 /* Check Pods Manifest.lock */,
				090EA7AE1A778CAD005D4454 /* Sources */,
				090EA7AF1A778CAD005D4454 /* Frameworks */,
				090EA7B01A778CAD005D4454 /* Resources */,
				E80864C01D972FE16DFFA7E1 /* Copy Pods Resources */,
			);
			buildRules = (
			);
			dependencies = (
			);
			name = SpotzPushTest;
			productName = SpotzPushTest;
			productReference = 090EA7B21A778CAD005D4454 /* SpotzPushTest.app */;
			productType = "com.apple.product-type.application";
		};
		090EA7CA1A778CAD005D4454 /* SpotzPushTestTests */ = {
			isa = PBXNativeTarget;
			buildConfigurationList = 090EA7D81A778CAD005D4454 /* Build configuration list for PBXNativeTarget "SpotzPushTestTests" */;
			buildPhases = (
				090EA7C71A778CAD005D4454 /* Sources */,
				090EA7C81A778CAD005D4454 /* Frameworks */,
				090EA7C91A778CAD005D4454 /* Resources */,
			);
			buildRules = (
			);
			dependencies = (
				090EA7CD1A778CAD005D4454 /* PBXTargetDependency */,
			);
			name = SpotzPushTestTests;
			productName = SpotzPushTestTests;
			productReference = 090EA7CB1A778CAD005D4454 /* SpotzPushTestTests.xctest */;
			productType = "com.apple.product-type.bundle.unit-test";
		};
/* End PBXNativeTarget section */

/* Begin PBXProject section */
		090EA7AA1A778CAD005D4454 /* Project object */ = {
			isa = PBXProject;
			attributes = {
				LastUpgradeCheck = 0610;
				ORGANIZATIONNAME = "Localz Pty Ltd";
				TargetAttributes = {
					090EA7B11A778CAD005D4454 = {
						CreatedOnToolsVersion = 6.1.1;
						DevelopmentTeam = SQ4GG4SYBV;
						SystemCapabilities = {
							com.apple.BackgroundModes = {
								enabled = 1;
							};
						};
					};
					090EA7CA1A778CAD005D4454 = {
						CreatedOnToolsVersion = 6.1.1;
						TestTargetID = 090EA7B11A778CAD005D4454;
					};
				};
			};
			buildConfigurationList = 090EA7AD1A778CAD005D4454 /* Build configuration list for PBXProject "SpotzPushTest" */;
			compatibilityVersion = "Xcode 3.2";
			developmentRegion = English;
			hasScannedForEncodings = 0;
			knownRegions = (
				en,
				Base,
			);
			mainGroup = 090EA7A91A778CAD005D4454;
			productRefGroup = 090EA7B31A778CAD005D4454 /* Products */;
			projectDirPath = "";
			projectRoot = "";
			targets = (
				090EA7B11A778CAD005D4454 /* SpotzPushTest */,
				090EA7CA1A778CAD005D4454 /* SpotzPushTestTests */,
			);
		};
/* End PBXProject section */

/* Begin PBXResourcesBuildPhase section */
		090EA7B01A778CAD005D4454 /* Resources */ = {
			isa = PBXResourcesBuildPhase;
			buildActionMask = 2147483647;
			files = (
				090EA7C11A778CAD005D4454 /* Main.storyboard in Resources */,
				090EA7C61A778CAD005D4454 /* LaunchScreen.xib in Resources */,
				090EA7C31A778CAD005D4454 /* Images.xcassets in Resources */,
			);
			runOnlyForDeploymentPostprocessing = 0;
		};
		090EA7C91A778CAD005D4454 /* Resources */ = {
			isa = PBXResourcesBuildPhase;
			buildActionMask = 2147483647;
			files = (
			);
			runOnlyForDeploymentPostprocessing = 0;
		};
/* End PBXResourcesBuildPhase section */

/* Begin PBXShellScriptBuildPhase section */
		E5D6C6BD758F7B82426DAB37 /* Check Pods Manifest.lock */ = {
			isa = PBXShellScriptBuildPhase;
			buildActionMask = 2147483647;
			files = (
			);
			inputPaths = (
			);
			name = "Check Pods Manifest.lock";
			outputPaths = (
			);
			runOnlyForDeploymentPostprocessing = 0;
			shellPath = /bin/sh;
			shellScript = "diff \"${PODS_ROOT}/../Podfile.lock\" \"${PODS_ROOT}/Manifest.lock\" > /dev/null\nif [[ $? != 0 ]] ; then\n    cat << EOM\nerror: The sandbox is not in sync with the Podfile.lock. Run 'pod install' or update your CocoaPods installation.\nEOM\n    exit 1\nfi\n";
			showEnvVarsInLog = 0;
		};
		E80864C01D972FE16DFFA7E1 /* Copy Pods Resources */ = {
			isa = PBXShellScriptBuildPhase;
			buildActionMask = 2147483647;
			files = (
			);
			inputPaths = (
			);
			name = "Copy Pods Resources";
			outputPaths = (
			);
			runOnlyForDeploymentPostprocessing = 0;
			shellPath = /bin/sh;
			shellScript = "\"${SRCROOT}/Pods/Target Support Files/Pods/Pods-resources.sh\"\n";
			showEnvVarsInLog = 0;
		};
/* End PBXShellScriptBuildPhase section */

/* Begin PBXSourcesBuildPhase section */
		090EA7AE1A778CAD005D4454 /* Sources */ = {
			isa = PBXSourcesBuildPhase;
			buildActionMask = 2147483647;
			files = (
				090EA7BE1A778CAD005D4454 /* ViewController.m in Sources */,
				090EA7BB1A778CAD005D4454 /* AppDelegate.m in Sources */,
				090EA7B81A778CAD005D4454 /* main.m in Sources */,
			);
			runOnlyForDeploymentPostprocessing = 0;
		};
		090EA7C71A778CAD005D4454 /* Sources */ = {
			isa = PBXSourcesBuildPhase;
			buildActionMask = 2147483647;
			files = (
				090EA7D21A778CAD005D4454 /* SpotzPushTestTests.m in Sources */,
			);
			runOnlyForDeploymentPostprocessing = 0;
		};
/* End PBXSourcesBuildPhase section */

/* Begin PBXTargetDependency section */
		090EA7CD1A778CAD005D4454 /* PBXTargetDependency */ = {
			isa = PBXTargetDependency;
			target = 090EA7B11A778CAD005D4454 /* SpotzPushTest */;
			targetProxy = 090EA7CC1A778CAD005D4454 /* PBXContainerItemProxy */;
		};
/* End PBXTargetDependency section */

/* Begin PBXVariantGroup section */
		090EA7BF1A778CAD005D4454 /* Main.storyboard */ = {
			isa = PBXVariantGroup;
			children = (
				090EA7C01A778CAD005D4454 /* Base */,
			);
			name = Main.storyboard;
			sourceTree = "<group>";
		};
		090EA7C41A778CAD005D4454 /* LaunchScreen.xib */ = {
			isa = PBXVariantGroup;
			children = (
				090EA7C51A778CAD005D4454 /* Base */,
			);
			name = LaunchScreen.xib;
			sourceTree = "<group>";
		};
/* End PBXVariantGroup section */

/* Begin XCBuildConfiguration section */
		090EA7D31A778CAD005D4454 /* Debug */ = {
			isa = XCBuildConfiguration;
			buildSettings = {
				ALWAYS_SEARCH_USER_PATHS = NO;
				CLANG_CXX_LANGUAGE_STANDARD = "gnu++0x";
				CLANG_CXX_LIBRARY = "libc++";
				CLANG_ENABLE_MODULES = YES;
				CLANG_ENABLE_OBJC_ARC = YES;
				CLANG_WARN_BOOL_CONVERSION = YES;
				CLANG_WARN_CONSTANT_CONVERSION = YES;
				CLANG_WARN_DIRECT_OBJC_ISA_USAGE = YES_ERROR;
				CLANG_WARN_EMPTY_BODY = YES;
				CLANG_WARN_ENUM_CONVERSION = YES;
				CLANG_WARN_INT_CONVERSION = YES;
				CLANG_WARN_OBJC_ROOT_CLASS = YES_ERROR;
				CLANG_WARN_UNREACHABLE_CODE = YES;
				CLANG_WARN__DUPLICATE_METHOD_MATCH = YES;
				"CODE_SIGN_IDENTITY[sdk=iphoneos*]" = "iPhone Developer";
				COPY_PHASE_STRIP = NO;
				ENABLE_STRICT_OBJC_MSGSEND = YES;
				GCC_C_LANGUAGE_STANDARD = gnu99;
				GCC_DYNAMIC_NO_PIC = NO;
				GCC_OPTIMIZATION_LEVEL = 0;
				GCC_PREPROCESSOR_DEFINITIONS = (
					"DEBUG=1",
					"$(inherited)",
				);
				GCC_SYMBOLS_PRIVATE_EXTERN = NO;
				GCC_WARN_64_TO_32_BIT_CONVERSION = YES;
				GCC_WARN_ABOUT_RETURN_TYPE = YES_ERROR;
				GCC_WARN_UNDECLARED_SELECTOR = YES;
				GCC_WARN_UNINITIALIZED_AUTOS = YES_AGGRESSIVE;
				GCC_WARN_UNUSED_FUNCTION = YES;
				GCC_WARN_UNUSED_VARIABLE = YES;
				IPHONEOS_DEPLOYMENT_TARGET = 8.1;
				MTL_ENABLE_DEBUG_INFO = YES;
				ONLY_ACTIVE_ARCH = YES;
				SDKROOT = iphoneos;
			};
			name = Debug;
		};
		090EA7D41A778CAD005D4454 /* Release */ = {
			isa = XCBuildConfiguration;
			buildSettings = {
				ALWAYS_SEARCH_USER_PATHS = NO;
				CLANG_CXX_LANGUAGE_STANDARD = "gnu++0x";
				CLANG_CXX_LIBRARY = "libc++";
				CLANG_ENABLE_MODULES = YES;
				CLANG_ENABLE_OBJC_ARC = YES;
				CLANG_WARN_BOOL_CONVERSION = YES;
				CLANG_WARN_CONSTANT_CONVERSION = YES;
				CLANG_WARN_DIRECT_OBJC_ISA_USAGE = YES_ERROR;
				CLANG_WARN_EMPTY_BODY = YES;
				CLANG_WARN_ENUM_CONVERSION = YES;
				CLANG_WARN_INT_CONVERSION = YES;
				CLANG_WARN_OBJC_ROOT_CLASS = YES_ERROR;
				CLANG_WARN_UNREACHABLE_CODE = YES;
				CLANG_WARN__DUPLICATE_METHOD_MATCH = YES;
				"CODE_SIGN_IDENTITY[sdk=iphoneos*]" = "iPhone Developer";
				COPY_PHASE_STRIP = YES;
				ENABLE_NS_ASSERTIONS = NO;
				ENABLE_STRICT_OBJC_MSGSEND = YES;
				GCC_C_LANGUAGE_STANDARD = gnu99;
				GCC_WARN_64_TO_32_BIT_CONVERSION = YES;
				GCC_WARN_ABOUT_RETURN_TYPE = YES_ERROR;
				GCC_WARN_UNDECLARED_SELECTOR = YES;
				GCC_WARN_UNINITIALIZED_AUTOS = YES_AGGRESSIVE;
				GCC_WARN_UNUSED_FUNCTION = YES;
				GCC_WARN_UNUSED_VARIABLE = YES;
				IPHONEOS_DEPLOYMENT_TARGET = 8.1;
				MTL_ENABLE_DEBUG_INFO = NO;
				SDKROOT = iphoneos;
				VALIDATE_PRODUCT = YES;
			};
			name = Release;
		};
		090EA7D61A778CAD005D4454 /* Debug */ = {
			isa = XCBuildConfiguration;
			baseConfigurationReference = DABE05DA8C41DA41559515A3 /* Pods.debug.xcconfig */;
			buildSettings = {
				ASSETCATALOG_COMPILER_APPICON_NAME = AppIcon;
				CODE_SIGN_IDENTITY = "iPhone Developer";
				"CODE_SIGN_IDENTITY[sdk=iphoneos*]" = "iPhone Developer";
				INFOPLIST_FILE = SpotzPushTest/Info.plist;
				LD_RUNPATH_SEARCH_PATHS = "$(inherited) @executable_path/Frameworks";
				PRODUCT_NAME = "$(TARGET_NAME)";
				PROVISIONING_PROFILE = "7289b160-a0ee-4bb6-9892-96f75e1eb769";
			};
			name = Debug;
		};
		090EA7D71A778CAD005D4454 /* Release */ = {
			isa = XCBuildConfiguration;
			baseConfigurationReference = 9A107DD03E1031791EB2E6D8 /* Pods.release.xcconfig */;
			buildSettings = {
				ASSETCATALOG_COMPILER_APPICON_NAME = AppIcon;
				CODE_SIGN_IDENTITY = "iPhone Developer";
				"CODE_SIGN_IDENTITY[sdk=iphoneos*]" = "iPhone Developer";
				INFOPLIST_FILE = SpotzPushTest/Info.plist;
				LD_RUNPATH_SEARCH_PATHS = "$(inherited) @executable_path/Frameworks";
				PRODUCT_NAME = "$(TARGET_NAME)";
				PROVISIONING_PROFILE = "7289b160-a0ee-4bb6-9892-96f75e1eb769";
			};
			name = Release;
		};
		090EA7D91A778CAD005D4454 /* Debug */ = {
			isa = XCBuildConfiguration;
			buildSettings = {
				BUNDLE_LOADER = "$(TEST_HOST)";
				FRAMEWORK_SEARCH_PATHS = (
					"$(SDKROOT)/Developer/Library/Frameworks",
					"$(inherited)",
				);
				GCC_PREPROCESSOR_DEFINITIONS = (
					"DEBUG=1",
					"$(inherited)",
				);
				INFOPLIST_FILE = SpotzPushTestTests/Info.plist;
				LD_RUNPATH_SEARCH_PATHS = "$(inherited) @executable_path/Frameworks @loader_path/Frameworks";
				PRODUCT_NAME = "$(TARGET_NAME)";
				TEST_HOST = "$(BUILT_PRODUCTS_DIR)/SpotzPushTest.app/SpotzPushTest";
			};
			name = Debug;
		};
		090EA7DA1A778CAD005D4454 /* Release */ = {
			isa = XCBuildConfiguration;
			buildSettings = {
				BUNDLE_LOADER = "$(TEST_HOST)";
				FRAMEWORK_SEARCH_PATHS = (
					"$(SDKROOT)/Developer/Library/Frameworks",
					"$(inherited)",
				);
				INFOPLIST_FILE = SpotzPushTestTests/Info.plist;
				LD_RUNPATH_SEARCH_PATHS = "$(inherited) @executable_path/Frameworks @loader_path/Frameworks";
				PRODUCT_NAME = "$(TARGET_NAME)";
				TEST_HOST = "$(BUILT_PRODUCTS_DIR)/SpotzPushTest.app/SpotzPushTest";
			};
			name = Release;
		};
/* End XCBuildConfiguration section */

/* Begin XCConfigurationList section */
		090EA7AD1A778CAD005D4454 /* Build configuration list for PBXProject "SpotzPushTest" */ = {
			isa = XCConfigurationList;
			buildConfigurations = (
				090EA7D31A778CAD005D4454 /* Debug */,
				090EA7D41A778CAD005D4454 /* Release */,
			);
			defaultConfigurationIsVisible = 0;
			defaultConfigurationName = Release;
		};
		090EA7D51A778CAD005D4454 /* Build configuration list for PBXNativeTarget "SpotzPushTest" */ = {
			isa = XCConfigurationList;
			buildConfigurations = (
				090EA7D61A778CAD005D4454 /* Debug */,
				090EA7D71A778CAD005D4454 /* Release */,
			);
			defaultConfigurationIsVisible = 0;
			defaultConfigurationName = Release;
		};
		090EA7D81A778CAD005D4454 /* Build configuration list for PBXNativeTarget "SpotzPushTestTests" */ = {
			isa = XCConfigurationList;
			buildConfigurations = (
				090EA7D91A778CAD005D4454 /* Debug */,
				090EA7DA1A778CAD005D4454 /* Release */,
			);
			defaultConfigurationIsVisible = 0;
			defaultConfigurationName = Release;
		};
/* End XCConfigurationList section */
	};
	rootObject = 090EA7AA1A778CAD005D4454 /* Project object */;
}
